
Microsoft Visual Studio Solution File, Format Version 12.00
# Visual Studio Version 16
VisualStudioVersion = 16.0.35425.106
MinimumVisualStudioVersion = 10.0.40219.1
Project("{FAE04EC0-301F-11D3-BF4B-00C04F79EFBC}") = "CT24001", "CT24001\CT24001.csproj", "{ABEED527-93E3-41F6-A9AA-E9E9C4D11405}"
EndProject
Global
	GlobalSection(SolutionConfigurationPlatforms) = preSolution
		Debug|Any CPU = Debug|Any CPU
		Release|Any CPU = Release|Any CPU
	EndGlobalSection
	GlobalSection(ProjectConfigurationPlatforms) = postSolution
		{ABEED527-93E3-41F6-A9AA-E9E9C4D11405}.Debug|Any CPU.ActiveCfg = Debug|Any CPU
		{ABEED527-93E3-41F6-A9AA-E9E9C4D11405}.Debug|Any CPU.Build.0 = Debug|Any CPU
		{ABEED527-93E3-41F6-A9AA-E9E9C4D11405}.Release|Any CPU.ActiveCfg = Release|Any CPU
		{ABEED527-93E3-41F6-A9AA-E9E9C4D11405}.Release|Any CPU.Build.0 = Release|Any CPU
	EndGlobalSection
	GlobalSection(SolutionProperties) = preSolution
		HideSolutionNode = FALSE
	EndGlobalSection
	GlobalSection(ExtensibilityGlobals) = postSolution
		SolutionGuid = {A0A1E30A-9960-46BF-93A8-77848A8A06E2}
	EndGlobalSection
EndGlobal
